<?xml version="1.0" encoding="utf-8"?>
<Project ToolsVersion="4.0" xmlns="http://schemas.microsoft.com/developer/msbuild/2003">
  <ItemGroup>
    <ClCompile Include="Sprite.cpp">
      <Filter>Rendering</Filter>
    </ClCompile>
    <ClCompile Include="Engine.cpp">
      <Filter>Rendering</Filter>
    </ClCompile>
    <ClCompile Include="Renderer.cpp">
      <Filter>Rendering</Filter>
    </ClCompile>
    <ClCompile Include="SpriteFactory.cpp" />
  </ItemGroup>
  <ItemGroup>
    <ClInclude Include="Sprite.h">
      <Filter>Rendering</Filter>
    </ClInclude>
    <ClInclude Include="Engine.h">
      <Filter>Rendering</Filter>
    </ClInclude>
    <ClInclude Include="Renderer.h">
      <Filter>Rendering</Filter>
    </ClInclude>
    <ClInclude Include="RenderMessage.h">
      <Filter>Rendering</Filter>
    </ClInclude>
    <ClInclude Include="Vector.h">
      <Filter>Math</Filter>
    </ClInclude>
    <ClInclude Include="SpriteFactory.h" />
    <ClInclude Include="SpriteRenderingData.h" />
    <ClInclude Include="EngineMessage.h" />
    <ClInclude Include="Grid.h">
      <Filter>Structures</Filter>
    </ClInclude>
    <ClInclude Include="Color.h">
      <Filter>Math</Filter>
    </ClInclude>
    <ClInclude Include="DoubleThreadingStack.h">
      <Filter>Structures</Filter>
    </ClInclude>
    <ClInclude Include="GridTraverser.h" />
    <ClInclude Include="Heap.h">
      <Filter>Structures</Filter>
    </ClInclude>
  </ItemGroup>
  <ItemGroup>
    <Filter Include="Rendering">
      <UniqueIdentifier>{03a89a36-89d8-4227-b15a-15fde1ef7c9e}</UniqueIdentifier>
    </Filter>
    <Filter Include="Math">
      <UniqueIdentifier>{0533f4f5-f52b-4a1b-a1ca-3b485c1bc1d5}</UniqueIdentifier>
    </Filter>
    <Filter Include="Structures">
      <UniqueIdentifier>{fbb17772-e63d-4b38-ac5a-d9dd5dc02661}</UniqueIdentifier>
    </Filter>
  </ItemGroup>
</Project>